
Microsoft Visual Studio Solution File, Format Version 12.00
# Visual Studio 15
VisualStudioVersion = 15.0.28307.1062
MinimumVisualStudioVersion = 10.0.40219.1
Project("{FAE04EC0-301F-11D3-BF4B-00C04F79EFBC}") = "LINQProj", "LINQProj\LINQProj.csproj", "{2262ED7A-05B8-4636-ADE4-4E72F660FC3A}"
EndProject
Global
	GlobalSection(SolutionConfigurationPlatforms) = preSolution
		Debug|Any CPU = Debug|Any CPU
		Release|Any CPU = Release|Any CPU
	EndGlobalSection
	GlobalSection(ProjectConfigurationPlatforms) = postSolution
		{2262ED7A-05B8-4636-ADE4-4E72F660FC3A}.Debug|Any CPU.ActiveCfg = Debug|Any CPU
		{2262ED7A-05B8-4636-ADE4-4E72F660FC3A}.Debug|Any CPU.Build.0 = Debug|Any CPU
		{2262ED7A-05B8-4636-ADE4-4E72F660FC3A}.Release|Any CPU.ActiveCfg = Release|Any CPU
		{2262ED7A-05B8-4636-ADE4-4E72F660FC3A}.Release|Any CPU.Build.0 = Release|Any CPU
	EndGlobalSection
	GlobalSection(SolutionProperties) = preSolution
		HideSolutionNode = FALSE
	EndGlobalSection
	GlobalSection(ExtensibilityGlobals) = postSolution
		SolutionGuid = {7857C712-BE38-4AF1-911F-E12D97D2BCA5}
	EndGlobalSection
EndGlobal
