
Microsoft Visual Studio Solution File, Format Version 12.00
# Visual Studio 15
VisualStudioVersion = 15.0.28307.1062
MinimumVisualStudioVersion = 10.0.40219.1
Project("{FAE04EC0-301F-11D3-BF4B-00C04F79EFBC}") = "Lab5", "Lab5\Lab5.csproj", "{C744CA44-DBC1-43BD-A576-AF1AEF78BE75}"
EndProject
Project("{FAE04EC0-301F-11D3-BF4B-00C04F79EFBC}") = "ClassLibraryLab5", "ClassLibraryLab5\ClassLibraryLab5.csproj", "{B81A717B-3EC3-4F3D-9610-C0B69ABFB127}"
EndProject
Global
	GlobalSection(SolutionConfigurationPlatforms) = preSolution
		Debug|Any CPU = Debug|Any CPU
		Release|Any CPU = Release|Any CPU
	EndGlobalSection
	GlobalSection(ProjectConfigurationPlatforms) = postSolution
		{C744CA44-DBC1-43BD-A576-AF1AEF78BE75}.Debug|Any CPU.ActiveCfg = Debug|Any CPU
		{C744CA44-DBC1-43BD-A576-AF1AEF78BE75}.Debug|Any CPU.Build.0 = Debug|Any CPU
		{C744CA44-DBC1-43BD-A576-AF1AEF78BE75}.Release|Any CPU.ActiveCfg = Release|Any CPU
		{C744CA44-DBC1-43BD-A576-AF1AEF78BE75}.Release|Any CPU.Build.0 = Release|Any CPU
		{B81A717B-3EC3-4F3D-9610-C0B69ABFB127}.Debug|Any CPU.ActiveCfg = Debug|Any CPU
		{B81A717B-3EC3-4F3D-9610-C0B69ABFB127}.Debug|Any CPU.Build.0 = Debug|Any CPU
		{B81A717B-3EC3-4F3D-9610-C0B69ABFB127}.Release|Any CPU.ActiveCfg = Release|Any CPU
		{B81A717B-3EC3-4F3D-9610-C0B69ABFB127}.Release|Any CPU.Build.0 = Release|Any CPU
	EndGlobalSection
	GlobalSection(SolutionProperties) = preSolution
		HideSolutionNode = FALSE
	EndGlobalSection
	GlobalSection(ExtensibilityGlobals) = postSolution
		SolutionGuid = {37F0E549-F68B-4743-B5FC-3C3A1BD046E9}
	EndGlobalSection
EndGlobal
